<?xml version="1.0" encoding="utf-8"?>
<Project ToolsVersion="4.0" xmlns="http://schemas.microsoft.com/developer/msbuild/2003">
  <ItemGroup>
    <Filter Include="Lib.Utils">
      <UniqueIdentifier>{67DA6AB6-F800-4c08-8B7A-83BB121AAD01}</UniqueIdentifier>
      <Extensions>rc;ico;cur;bmp;dlg;rc2;rct;bin;rgs;gif;jpg;jpeg;jpe;resx;tiff;tif;png;wav;mfcribbon-ms</Extensions>
    </Filter>
    <Filter Include="Lib.Module">
      <UniqueIdentifier>{c05a8fe6-3d88-4f8b-98b7-3c6adf985878}</UniqueIdentifier>
    </Filter>
    <Filter Include="Dev">
      <UniqueIdentifier>{59634b88-191d-4c3f-b606-d7533dbde411}</UniqueIdentifier>
    </Filter>
  </ItemGroup>
  <ItemGroup>
    <ClCompile Include="main.cpp" />
    <ClCompile Include="..\Lib.Utils\utilsShell.cpp">
      <Filter>Lib.Utils</Filter>
    </ClCompile>
    <ClCompile Include="Dev\devLog.cpp">
      <Filter>Dev</Filter>
    </ClCompile>
    <ClCompile Include="..\Lib.Utils\utilsLog.cpp">
      <Filter>Lib.Utils</Filter>
    </ClCompile>
    <ClCompile Include="Dev\devGNSS.cpp">
      <Filter>Dev</Filter>
    </ClCompile>
    <ClCompile Include="..\LIB.Utils\utilsPacketNMEAType.cpp">
      <Filter>Lib.Utils</Filter>
    </ClCompile>
    <ClCompile Include="Dev\devShell.cpp">
      <Filter>Dev</Filter>
    </ClCompile>
    <ClCompile Include="Dev\devDataSet.cpp">
      <Filter>Dev</Filter>
    </ClCompile>
    <ClCompile Include="..\Lib.Module\modGnss.cpp">
      <Filter>Lib.Module</Filter>
    </ClCompile>
    <ClCompile Include="Dev\devSettings.cpp">
      <Filter>Dev</Filter>
    </ClCompile>
    <ClCompile Include="..\Lib.Module\modGnssReceiver.cpp">
      <Filter>Lib.Module</Filter>
    </ClCompile>
    <ClCompile Include="..\Lib.Module\modGnssReceiver_State.cpp">
      <Filter>Lib.Module</Filter>
    </ClCompile>
    <ClCompile Include="..\Lib.Module\modGnssReceiver_StateError.cpp">
      <Filter>Lib.Module</Filter>
    </ClCompile>
    <ClCompile Include="..\Lib.Module\modGnssReceiver_StateHalt.cpp">
      <Filter>Lib.Module</Filter>
    </ClCompile>
    <ClCompile Include="..\Lib.Module\modGnssReceiver_StateOperation.cpp">
      <Filter>Lib.Module</Filter>
    </ClCompile>
    <ClCompile Include="..\Lib.Module\modGnssReceiver_StateStart.cpp">
      <Filter>Lib.Module</Filter>
    </ClCompile>
    <ClCompile Include="..\Lib.Module\modGnssReceiver_StateStop.cpp">
      <Filter>Lib.Module</Filter>
    </ClCompile>
    <ClCompile Include="..\Lib.Module\modGnssReceiver_State_CmdREQ.cpp">
      <Filter>Lib.Module</Filter>
    </ClCompile>
    <ClCompile Include="..\Lib.Module\modGnssReceiver_State_CmdGPI.cpp">
      <Filter>Lib.Module</Filter>
    </ClCompile>
    <ClCompile Include="..\Lib.Module\modGnssReceiver_State_CmdGPO.cpp">
      <Filter>Lib.Module</Filter>
    </ClCompile>
    <ClCompile Include="Dev\devGNSS_ModGnssReceiver.cpp">
      <Filter>Dev</Filter>
    </ClCompile>
    <ClCompile Include="Dev\devGNSS_ModGnssReceiver_Board.cpp">
      <Filter>Dev</Filter>
    </ClCompile>
    <ClCompile Include="Dev\devDB.cpp">
      <Filter>Dev</Filter>
    </ClCompile>
  </ItemGroup>
  <ItemGroup>
    <ClInclude Include="..\Lib.Utils\utilsBase.h">
      <Filter>Lib.Utils</Filter>
    </ClInclude>
    <ClInclude Include="..\Lib.Utils\utilsShell.h">
      <Filter>Lib.Utils</Filter>
    </ClInclude>
    <ClInclude Include="Dev\devLog.h">
      <Filter>Dev</Filter>
    </ClInclude>
    <ClInclude Include="devConfig.h" />
    <ClInclude Include="libConfig.h" />
    <ClInclude Include="..\Lib.Utils\utilsLog.h">
      <Filter>Lib.Utils</Filter>
    </ClInclude>
    <ClInclude Include="..\Lib.Utils\utilsPacketNMEA.h">
      <Filter>Lib.Utils</Filter>
    </ClInclude>
    <ClInclude Include="..\Lib.Utils\utilsPacket.h">
      <Filter>Lib.Utils</Filter>
    </ClInclude>
    <ClInclude Include="..\Lib.Utils\utilsCRC.h">
      <Filter>Lib.Utils</Filter>
    </ClInclude>
    <ClInclude Include="..\Lib.Utils\utilsPacketNMEAPayload.h">
      <Filter>Lib.Utils</Filter>
    </ClInclude>
    <ClInclude Include="Dev\devGNSS.h">
      <Filter>Dev</Filter>
    </ClInclude>
    <ClInclude Include="..\LIB.Utils\utilsPacketNMEAType.h">
      <Filter>Lib.Utils</Filter>
    </ClInclude>
    <ClInclude Include="comSerialPort.h" />
    <ClInclude Include="Dev\devShell.h">
      <Filter>Dev</Filter>
    </ClInclude>
    <ClInclude Include="Dev\devDataSet.h">
      <Filter>Dev</Filter>
    </ClInclude>
    <ClInclude Include="..\Lib.Module\modGnss.h">
      <Filter>Lib.Module</Filter>
    </ClInclude>
    <ClInclude Include="Dev\devSettings.h">
      <Filter>Dev</Filter>
    </ClInclude>
    <ClInclude Include="..\Lib.Module\modGnssReceiver.h">
      <Filter>Lib.Module</Filter>
    </ClInclude>
    <ClInclude Include="Dev\devDB.h">
      <Filter>Dev</Filter>
    </ClInclude>
  </ItemGroup>
  <ItemGroup>
    <Text Include="Readme.txt" />
  </ItemGroup>
  <ItemGroup>
    <Xml Include="gnss.conf" />
  </ItemGroup>
</Project>